
Microsoft Visual Studio Solution File, Format Version 12.00
# Visual Studio Version 17
VisualStudioVersion = 17.8.34511.84
MinimumVisualStudioVersion = 10.0.40219.1
Project("{FAE04EC0-301F-11D3-BF4B-00C04F79EFBC}") = "MultiMethodProgram", "MultiMethodProgram.csproj", "{567990CC-1FC4-4936-B6E1-1539C0ED1EA9}"
EndProject
Global
	GlobalSection(SolutionConfigurationPlatforms) = preSolution
		Debug|Any CPU = Debug|Any CPU
		Release|Any CPU = Release|Any CPU
	EndGlobalSection
	GlobalSection(ProjectConfigurationPlatforms) = postSolution
		{567990CC-1FC4-4936-B6E1-1539C0ED1EA9}.Debug|Any CPU.ActiveCfg = Debug|Any CPU
		{567990CC-1FC4-4936-B6E1-1539C0ED1EA9}.Debug|Any CPU.Build.0 = Debug|Any CPU
		{567990CC-1FC4-4936-B6E1-1539C0ED1EA9}.Release|Any CPU.ActiveCfg = Release|Any CPU
		{567990CC-1FC4-4936-B6E1-1539C0ED1EA9}.Release|Any CPU.Build.0 = Release|Any CPU
	EndGlobalSection
	GlobalSection(SolutionProperties) = preSolution
		HideSolutionNode = FALSE
	EndGlobalSection
	GlobalSection(ExtensibilityGlobals) = postSolution
		SolutionGuid = {7E910336-AEEE-4029-A068-427A7BAB58FB}
	EndGlobalSection
EndGlobal
